
Microsoft Visual Studio Solution File, Format Version 12.00
# Visual Studio Version 16
VisualStudioVersion = 16.0.31025.194
MinimumVisualStudioVersion = 10.0.40219.1
Project("{FAE04EC0-301F-11D3-BF4B-00C04F79EFBC}") = "HotelListing", "HotelListing\HotelListing.csproj", "{45A362D2-A2FD-4691-9905-0CD69AC0FBB8}"
EndProject
Global
	GlobalSection(SolutionConfigurationPlatforms) = preSolution
		Debug|Any CPU = Debug|Any CPU
		Release|Any CPU = Release|Any CPU
	EndGlobalSection
	GlobalSection(ProjectConfigurationPlatforms) = postSolution
		{45A362D2-A2FD-4691-9905-0CD69AC0FBB8}.Debug|Any CPU.ActiveCfg = Debug|Any CPU
		{45A362D2-A2FD-4691-9905-0CD69AC0FBB8}.Debug|Any CPU.Build.0 = Debug|Any CPU
		{45A362D2-A2FD-4691-9905-0CD69AC0FBB8}.Release|Any CPU.ActiveCfg = Release|Any CPU
		{45A362D2-A2FD-4691-9905-0CD69AC0FBB8}.Release|Any CPU.Build.0 = Release|Any CPU
	EndGlobalSection
	GlobalSection(SolutionProperties) = preSolution
		HideSolutionNode = FALSE
	EndGlobalSection
	GlobalSection(ExtensibilityGlobals) = postSolution
		SolutionGuid = {429DC57F-E35C-48F3-8D04-1C39229DF0BF}
	EndGlobalSection
EndGlobal
